
Microsoft Visual Studio Solution File, Format Version 12.00
# Visual Studio Version 17
VisualStudioVersion = 17.7.34031.279
MinimumVisualStudioVersion = 10.0.40219.1
Project("{FAE04EC0-301F-11D3-BF4B-00C04F79EFBC}") = "nekwomBAIST310CodeSampleEmpty", "nekwomBAIST310CodeSampleEmpty.csproj", "{6522F19E-4FBB-489D-AF0A-5F8258BB7E39}"
EndProject
Global
	GlobalSection(SolutionConfigurationPlatforms) = preSolution
		Debug|Any CPU = Debug|Any CPU
		Release|Any CPU = Release|Any CPU
	EndGlobalSection
	GlobalSection(ProjectConfigurationPlatforms) = postSolution
		{6522F19E-4FBB-489D-AF0A-5F8258BB7E39}.Debug|Any CPU.ActiveCfg = Debug|Any CPU
		{6522F19E-4FBB-489D-AF0A-5F8258BB7E39}.Debug|Any CPU.Build.0 = Debug|Any CPU
		{6522F19E-4FBB-489D-AF0A-5F8258BB7E39}.Release|Any CPU.ActiveCfg = Release|Any CPU
		{6522F19E-4FBB-489D-AF0A-5F8258BB7E39}.Release|Any CPU.Build.0 = Release|Any CPU
	EndGlobalSection
	GlobalSection(SolutionProperties) = preSolution
		HideSolutionNode = FALSE
	EndGlobalSection
	GlobalSection(ExtensibilityGlobals) = postSolution
		SolutionGuid = {6FBF3C0F-61D9-45B8-94DB-68C873027B0C}
	EndGlobalSection
EndGlobal
