
Microsoft Visual Studio Solution File, Format Version 12.00
# Visual Studio Version 17
VisualStudioVersion = 17.7.34221.43
MinimumVisualStudioVersion = 10.0.40219.1
Project("{FAE04EC0-301F-11D3-BF4B-00C04F79EFBC}") = "BAIS3110 - Authentication #1", "BAIS3110 - Authentication #1.csproj", "{BA16B4C9-0EAC-49BD-AD8E-60FABA98031A}"
EndProject
Global
	GlobalSection(SolutionConfigurationPlatforms) = preSolution
		Debug|Any CPU = Debug|Any CPU
		Release|Any CPU = Release|Any CPU
	EndGlobalSection
	GlobalSection(ProjectConfigurationPlatforms) = postSolution
		{BA16B4C9-0EAC-49BD-AD8E-60FABA98031A}.Debug|Any CPU.ActiveCfg = Debug|Any CPU
		{BA16B4C9-0EAC-49BD-AD8E-60FABA98031A}.Debug|Any CPU.Build.0 = Debug|Any CPU
		{BA16B4C9-0EAC-49BD-AD8E-60FABA98031A}.Release|Any CPU.ActiveCfg = Release|Any CPU
		{BA16B4C9-0EAC-49BD-AD8E-60FABA98031A}.Release|Any CPU.Build.0 = Release|Any CPU
	EndGlobalSection
	GlobalSection(SolutionProperties) = preSolution
		HideSolutionNode = FALSE
	EndGlobalSection
	GlobalSection(ExtensibilityGlobals) = postSolution
		SolutionGuid = {098887C3-70F5-4381-8974-A25D10DE08EE}
	EndGlobalSection
EndGlobal
